// !$*UTF8*$!
{
	archiveVersion = 1;
	classes = {
	};
	objectVersion = 56;
	objects = {

/* Begin PBXBuildFile section */
		F4E35FBA2C72098A002CA190 /* AppDelegate.swift in Sources */ = {isa = PBXBuildFile; fileRef = F4E35FB92C72098A002CA190 /* AppDelegate.swift */; };
		F4E35FBC2C72098A002CA190 /* SceneDelegate.swift in Sources */ = {isa = PBXBuildFile; fileRef = F4E35FBB2C72098A002CA190 /* SceneDelegate.swift */; };
		F4E35FBE2C72098A002CA190 /* ViewController.swift in Sources */ = {isa = PBXBuildFile; fileRef = F4E35FBD2C72098A002CA190 /* ViewController.swift */; };
		F4E35FC12C72098B002CA190 /* Base in Resources */ = {isa = PBXBuildFile; fileRef = F4E35FC02C72098B002CA190 /* Base */; };
		F4E35FC42C72098B002CA190 /* coredata_dummy.xcdatamodeld in Sources */ = {isa = PBXBuildFile; fileRef = F4E35FC22C72098B002CA190 /* coredata_dummy.xcdatamodeld */; };
		F4E35FC62C72098D002CA190 /* Assets.xcassets in Resources */ = {isa = PBXBuildFile; fileRef = F4E35FC52C72098D002CA190 /* Assets.xcassets */; };
		F4E35FC92C72098D002CA190 /* Base in Resources */ = {isa = PBXBuildFile; fileRef = F4E35FC82C72098D002CA190 /* Base */; };
		F4E35FD42C72098E002CA190 /* coredata_dummyTests.swift in Sources */ = {isa = PBXBuildFile; fileRef = F4E35FD32C72098E002CA190 /* coredata_dummyTests.swift */; };
		F4E35FDE2C72098E002CA190 /* coredata_dummyUITests.swift in Sources */ = {isa = PBXBuildFile; fileRef = F4E35FDD2C72098E002CA190 /* coredata_dummyUITests.swift */; };
		F4E35FE02C72098E002CA190 /* coredata_dummyUITestsLaunchTests.swift in Sources */ = {isa = PBXBuildFile; fileRef = F4E35FDF2C72098E002CA190 /* coredata_dummyUITestsLaunchTests.swift */; };
/* End PBXBuildFile section */

/* Begin PBXContainerItemProxy section */
		F4E35FD02C72098E002CA190 /* PBXContainerItemProxy */ = {
			isa = PBXContainerItemProxy;
			containerPortal = F4E35FAE2C72098A002CA190 /* Project object */;
			proxyType = 1;
			remoteGlobalIDString = F4E35FB52C72098A002CA190;
			remoteInfo = "coredata-dummy";
		};
		F4E35FDA2C72098E002CA190 /* PBXContainerItemProxy */ = {
			isa = PBXContainerItemProxy;
			containerPortal = F4E35FAE2C72098A002CA190 /* Project object */;
			proxyType = 1;
			remoteGlobalIDString = F4E35FB52C72098A002CA190;
			remoteInfo = "coredata-dummy";
		};
/* End PBXContainerItemProxy section */

/* Begin PBXFileReference section */
		F4E35FB62C72098A002CA190 /* coredata-dummy.app */ = {isa = PBXFileReference; explicitFileType = wrapper.application; includeInIndex = 0; path = "coredata-dummy.app"; sourceTree = BUILT_PRODUCTS_DIR; };
		F4E35FB92C72098A002CA190 /* AppDelegate.swift */ = {isa = PBXFileReference; lastKnownFileType = sourcecode.swift; path = AppDelegate.swift; sourceTree = "<group>"; };
		F4E35FBB2C72098A002CA190 /* SceneDelegate.swift */ = {isa = PBXFileReference; lastKnownFileType = sourcecode.swift; path = SceneDelegate.swift; sourceTree = "<group>"; };
		F4E35FBD2C72098A002CA190 /* ViewController.swift */ = {isa = PBXFileReference; lastKnownFileType = sourcecode.swift; path = ViewController.swift; sourceTree = "<group>"; };
		F4E35FC02C72098B002CA190 /* Base */ = {isa = PBXFileReference; lastKnownFileType = file.storyboard; name = Base; path = Base.lproj/Main.storyboard; sourceTree = "<group>"; };
		F4E35FC32C72098B002CA190 /* coredata_dummy.xcdatamodel */ = {isa = PBXFileReference; lastKnownFileType = wrapper.xcdatamodel; path = coredata_dummy.xcdatamodel; sourceTree = "<group>"; };
		F4E35FC52C72098D002CA190 /* Assets.xcassets */ = {isa = PBXFileReference; lastKnownFileType = folder.assetcatalog; path = Assets.xcassets; sourceTree = "<group>"; };
		F4E35FC82C72098D002CA190 /* Base */ = {isa = PBXFileReference; lastKnownFileType = file.storyboard; name = Base; path = Base.lproj/LaunchScreen.storyboard; sourceTree = "<group>"; };
		F4E35FCA2C72098D002CA190 /* Info.plist */ = {isa = PBXFileReference; lastKnownFileType = text.plist.xml; path = Info.plist; sourceTree = "<group>"; };
		F4E35FCF2C72098E002CA190 /* coredata-dummyTests.xctest */ = {isa = PBXFileReference; explicitFileType = wrapper.cfbundle; includeInIndex = 0; path = "coredata-dummyTests.xctest"; sourceTree = BUILT_PRODUCTS_DIR; };
		F4E35FD32C72098E002CA190 /* coredata_dummyTests.swift */ = {isa = PBXFileReference; lastKnownFileType = sourcecode.swift; path = coredata_dummyTests.swift; sourceTree = "<group>"; };
		F4E35FD92C72098E002CA190 /* coredata-dummyUITests.xctest */ = {isa = PBXFileReference; explicitFileType = wrapper.cfbundle; includeInIndex = 0; path = "coredata-dummyUITests.xctest"; sourceTree = BUILT_PRODUCTS_DIR; };
		F4E35FDD2C72098E002CA190 /* coredata_dummyUITests.swift */ = {isa = PBXFileReference; lastKnownFileType = sourcecode.swift; path = coredata_dummyUITests.swift; sourceTree = "<group>"; };
		F4E35FDF2C72098E002CA190 /* coredata_dummyUITestsLaunchTests.swift */ = {isa = PBXFileReference; lastKnownFileType = sourcecode.swift; path = coredata_dummyUITestsLaunchTests.swift; sourceTree = "<group>"; };
/* End PBXFileReference section */

/* Begin PBXFrameworksBuildPhase section */
		F4E35FB32C72098A002CA190 /* Frameworks */ = {
			isa = PBXFrameworksBuildPhase;
			buildActionMask = 2147483647;
			files = (
			);
			runOnlyForDeploymentPostprocessing = 0;
		};
		F4E35FCC2C72098E002CA190 /* Frameworks */ = {
			isa = PBXFrameworksBuildPhase;
			buildActionMask = 2147483647;
			files = (
			);
			runOnlyForDeploymentPostprocessing = 0;
		};
		F4E35FD62C72098E002CA190 /* Frameworks */ = {
			isa = PBXFrameworksBuildPhase;
			buildActionMask = 2147483647;
			files = (
			);
			runOnlyForDeploymentPostprocessing = 0;
		};
/* End PBXFrameworksBuildPhase section */

/* Begin PBXGroup section */
		F4E35FAD2C72098A002CA190 = {
			isa = PBXGroup;
			children = (
				F4E35FB82C72098A002CA190 /* coredata-dummy */,
				F4E35FD22C72098E002CA190 /* coredata-dummyTests */,
				F4E35FDC2C72098E002CA190 /* coredata-dummyUITests */,
				F4E35FB72C72098A002CA190 /* Products */,
			);
			sourceTree = "<group>";
		};
		F4E35FB72C72098A002CA190 /* Products */ = {
			isa = PBXGroup;
			children = (
				F4E35FB62C72098A002CA190 /* coredata-dummy.app */,
				F4E35FCF2C72098E002CA190 /* coredata-dummyTests.xctest */,
				F4E35FD92C72098E002CA190 /* coredata-dummyUITests.xctest */,
			);
			name = Products;
			sourceTree = "<group>";
		};
		F4E35FB82C72098A002CA190 /* coredata-dummy */ = {
			isa = PBXGroup;
			children = (
				F4E35FB92C72098A002CA190 /* AppDelegate.swift */,
				F4E35FBB2C72098A002CA190 /* SceneDelegate.swift */,
				F4E35FBD2C72098A002CA190 /* ViewController.swift */,
				F4E35FBF2C72098B002CA190 /* Main.storyboard */,
				F4E35FC52C72098D002CA190 /* Assets.xcassets */,
				F4E35FC72C72098D002CA190 /* LaunchScreen.storyboard */,
				F4E35FCA2C72098D002CA190 /* Info.plist */,
				F4E35FC22C72098B002CA190 /* coredata_dummy.xcdatamodeld */,
			);
			path = "coredata-dummy";
			sourceTree = "<group>";
		};
		F4E35FD22C72098E002CA190 /* coredata-dummyTests */ = {
			isa = PBXGroup;
			children = (
				F4E35FD32C72098E002CA190 /* coredata_dummyTests.swift */,
			);
			path = "coredata-dummyTests";
			sourceTree = "<group>";
		};
		F4E35FDC2C72098E002CA190 /* coredata-dummyUITests */ = {
			isa = PBXGroup;
			children = (
				F4E35FDD2C72098E002CA190 /* coredata_dummyUITests.swift */,
				F4E35FDF2C72098E002CA190 /* coredata_dummyUITestsLaunchTests.swift */,
			);
			path = "coredata-dummyUITests";
			sourceTree = "<group>";
		};
/* End PBXGroup section */

/* Begin PBXNativeTarget section */
		F4E35FB52C72098A002CA190 /* coredata-dummy */ = {
			isa = PBXNativeTarget;
			buildConfigurationList = F4E35FE32C72098E002CA190 /* Build configuration list for PBXNativeTarget "coredata-dummy" */;
			buildPhases = (
				F4E35FB22C72098A002CA190 /* Sources */,
				F4E35FB32C72098A002CA190 /* Frameworks */,
				F4E35FB42C72098A002CA190 /* Resources */,
			);
			buildRules = (
			);
			dependencies = (
			);
			name = "coredata-dummy";
			productName = "coredata-dummy";
			productReference = F4E35FB62C72098A002CA190 /* coredata-dummy.app */;
			productType = "com.apple.product-type.application";
		};
		F4E35FCE2C72098E002CA190 /* coredata-dummyTests */ = {
			isa = PBXNativeTarget;
			buildConfigurationList = F4E35FE62C72098E002CA190 /* Build configuration list for PBXNativeTarget "coredata-dummyTests" */;
			buildPhases = (
				F4E35FCB2C72098E002CA190 /* Sources */,
				F4E35FCC2C72098E002CA190 /* Frameworks */,
				F4E35FCD2C72098E002CA190 /* Resources */,
			);
			buildRules = (
			);
			dependencies = (
				F4E35FD12C72098E002CA190 /* PBXTargetDependency */,
			);
			name = "coredata-dummyTests";
			productName = "coredata-dummyTests";
			productReference = F4E35FCF2C72098E002CA190 /* coredata-dummyTests.xctest */;
			productType = "com.apple.product-type.bundle.unit-test";
		};
		F4E35FD82C72098E002CA190 /* coredata-dummyUITests */ = {
			isa = PBXNativeTarget;
			buildConfigurationList = F4E35FE92C72098E002CA190 /* Build configuration list for PBXNativeTarget "coredata-dummyUITests" */;
			buildPhases = (
				F4E35FD52C72098E002CA190 /* Sources */,
				F4E35FD62C72098E002CA190 /* Frameworks */,
				F4E35FD72C72098E002CA190 /* Resources */,
			);
			buildRules = (
			);
			dependencies = (
				F4E35FDB2C72098E002CA190 /* PBXTargetDependency */,
			);
			name = "coredata-dummyUITests";
			productName = "coredata-dummyUITests";
			productReference = F4E35FD92C72098E002CA190 /* coredata-dummyUITests.xctest */;
			productType = "com.apple.product-type.bundle.ui-testing";
		};
/* End PBXNativeTarget section */

/* Begin PBXProject section */
		F4E35FAE2C72098A002CA190 /* Project object */ = {
			isa = PBXProject;
			attributes = {
				BuildIndependentTargetsInParallel = 1;
				LastSwiftUpdateCheck = 1540;
				LastUpgradeCheck = 1540;
				TargetAttributes = {
					F4E35FB52C72098A002CA190 = {
						CreatedOnToolsVersion = 15.4;
					};
					F4E35FCE2C72098E002CA190 = {
						CreatedOnToolsVersion = 15.4;
						TestTargetID = F4E35FB52C72098A002CA190;
					};
					F4E35FD82C72098E002CA190 = {
						CreatedOnToolsVersion = 15.4;
						TestTargetID = F4E35FB52C72098A002CA190;
					};
				};
			};
			buildConfigurationList = F4E35FB12C72098A002CA190 /* Build configuration list for PBXProject "coredata-dummy" */;
			compatibilityVersion = "Xcode 14.0";
			developmentRegion = en;
			hasScannedForEncodings = 0;
			knownRegions = (
				en,
				Base,
			);
			mainGroup = F4E35FAD2C72098A002CA190;
			productRefGroup = F4E35FB72C72098A002CA190 /* Products */;
			projectDirPath = "";
			projectRoot = "";
			targets = (
				F4E35FB52C72098A002CA190 /* coredata-dummy */,
				F4E35FCE2C72098E002CA190 /* coredata-dummyTests */,
				F4E35FD82C72098E002CA190 /* coredata-dummyUITests */,
			);
		};
/* End PBXProject section */

/* Begin PBXResourcesBuildPhase section */
		F4E35FB42C72098A002CA190 /* Resources */ = {
			isa = PBXResourcesBuildPhase;
			buildActionMask = 2147483647;
			files = (
				F4E35FC62C72098D002CA190 /* Assets.xcassets in Resources */,
				F4E35FC92C72098D002CA190 /* Base in Resources */,
				F4E35FC12C72098B002CA190 /* Base in Resources */,
			);
			runOnlyForDeploymentPostprocessing = 0;
		};
		F4E35FCD2C72098E002CA190 /* Resources */ = {
			isa = PBXResourcesBuildPhase;
			buildActionMask = 2147483647;
			files = (
			);
			runOnlyForDeploymentPostprocessing = 0;
		};
		F4E35FD72C72098E002CA190 /* Resources */ = {
			isa = PBXResourcesBuildPhase;
			buildActionMask = 2147483647;
			files = (
			);
			runOnlyForDeploymentPostprocessing = 0;
		};
/* End PBXResourcesBuildPhase section */

/* Begin PBXSourcesBuildPhase section */
		F4E35FB22C72098A002CA190 /* Sources */ = {
			isa = PBXSourcesBuildPhase;
			buildActionMask = 2147483647;
			files = (
				F4E35FBE2C72098A002CA190 /* ViewController.swift in Sources */,
				F4E35FC42C72098B002CA190 /* coredata_dummy.xcdatamodeld in Sources */,
				F4E35FBA2C72098A002CA190 /* AppDelegate.swift in Sources */,
				F4E35FBC2C72098A002CA190 /* SceneDelegate.swift in Sources */,
			);
			runOnlyForDeploymentPostprocessing = 0;
		};
		F4E35FCB2C72098E002CA190 /* Sources */ = {
			isa = PBXSourcesBuildPhase;
			buildActionMask = 2147483647;
			files = (
				F4E35FD42C72098E002CA190 /* coredata_dummyTests.swift in Sources */,
			);
			runOnlyForDeploymentPostprocessing = 0;
		};
		F4E35FD52C72098E002CA190 /* Sources */ = {
			isa = PBXSourcesBuildPhase;
			buildActionMask = 2147483647;
			files = (
				F4E35FE02C72098E002CA190 /* coredata_dummyUITestsLaunchTests.swift in Sources */,
				F4E35FDE2C72098E002CA190 /* coredata_dummyUITests.swift in Sources */,
			);
			runOnlyForDeploymentPostprocessing = 0;
		};
/* End PBXSourcesBuildPhase section */

/* Begin PBXTargetDependency section */
		F4E35FD12C72098E002CA190 /* PBXTargetDependency */ = {
			isa = PBXTargetDependency;
			target = F4E35FB52C72098A002CA190 /* coredata-dummy */;
			targetProxy = F4E35FD02C72098E002CA190 /* PBXContainerItemProxy */;
		};
		F4E35FDB2C72098E002CA190 /* PBXTargetDependency */ = {
			isa = PBXTargetDependency;
			target = F4E35FB52C72098A002CA190 /* coredata-dummy */;
			targetProxy = F4E35FDA2C72098E002CA190 /* PBXContainerItemProxy */;
		};
/* End PBXTargetDependency section */

/* Begin PBXVariantGroup section */
		F4E35FBF2C72098B002CA190 /* Main.storyboard */ = {
			isa = PBXVariantGroup;
			children = (
				F4E35FC02C72098B002CA190 /* Base */,
			);
			name = Main.storyboard;
			sourceTree = "<group>";
		};
		F4E35FC72C72098D002CA190 /* LaunchScreen.storyboard */ = {
			isa = PBXVariantGroup;
			children = (
				F4E35FC82C72098D002CA190 /* Base */,
			);
			name = LaunchScreen.storyboard;
			sourceTree = "<group>";
		};
/* End PBXVariantGroup section */

/* Begin XCBuildConfiguration section */
		F4E35FE12C72098E002CA190 /* Debug */ = {
			isa = XCBuildConfiguration;
			buildSettings = {
				ALWAYS_SEARCH_USER_PATHS = NO;
				ASSETCATALOG_COMPILER_GENERATE_SWIFT_ASSET_SYMBOL_EXTENSIONS = YES;
				CLANG_ANALYZER_NONNULL = YES;
				CLANG_ANALYZER_NUMBER_OBJECT_CONVERSION = YES_AGGRESSIVE;
				CLANG_CXX_LANGUAGE_STANDARD = "gnu++20";
				CLANG_ENABLE_MODULES = YES;
				CLANG_ENABLE_OBJC_ARC = YES;
				CLANG_ENABLE_OBJC_WEAK = YES;
				CLANG_WARN_BLOCK_CAPTURE_AUTORELEASING = YES;
				CLANG_WARN_BOOL_CONVERSION = YES;
				CLANG_WARN_COMMA = YES;
				CLANG_WARN_CONSTANT_CONVERSION = YES;
				CLANG_WARN_DEPRECATED_OBJC_IMPLEMENTATIONS = YES;
				CLANG_WARN_DIRECT_OBJC_ISA_USAGE = YES_ERROR;
				CLANG_WARN_DOCUMENTATION_COMMENTS = YES;
				CLANG_WARN_EMPTY_BODY = YES;
				CLANG_WARN_ENUM_CONVERSION = YES;
				CLANG_WARN_INFINITE_RECURSION = YES;
				CLANG_WARN_INT_CONVERSION = YES;
				CLANG_WARN_NON_LITERAL_NULL_CONVERSION = YES;
				CLANG_WARN_OBJC_IMPLICIT_RETAIN_SELF = YES;
				CLANG_WARN_OBJC_LITERAL_CONVERSION = YES;
				CLANG_WARN_OBJC_ROOT_CLASS = YES_ERROR;
				CLANG_WARN_QUOTED_INCLUDE_IN_FRAMEWORK_HEADER = YES;
				CLANG_WARN_RANGE_LOOP_ANALYSIS = YES;
				CLANG_WARN_STRICT_PROTOTYPES = YES;
				CLANG_WARN_SUSPICIOUS_MOVE = YES;
				CLANG_WARN_UNGUARDED_AVAILABILITY = YES_AGGRESSIVE;
				CLANG_WARN_UNREACHABLE_CODE = YES;
				CLANG_WARN__DUPLICATE_METHOD_MATCH = YES;
				COPY_PHASE_STRIP = NO;
				DEBUG_INFORMATION_FORMAT = dwarf;
				ENABLE_STRICT_OBJC_MSGSEND = YES;
				ENABLE_TESTABILITY = YES;
				ENABLE_USER_SCRIPT_SANDBOXING = YES;
				GCC_C_LANGUAGE_STANDARD = gnu17;
				GCC_DYNAMIC_NO_PIC = NO;
				GCC_NO_COMMON_BLOCKS = YES;
				GCC_OPTIMIZATION_LEVEL = 0;
				GCC_PREPROCESSOR_DEFINITIONS = (
					"DEBUG=1",
					"$(inherited)",
				);
				GCC_WARN_64_TO_32_BIT_CONVERSION = YES;
				GCC_WARN_ABOUT_RETURN_TYPE = YES_ERROR;
				GCC_WARN_UNDECLARED_SELECTOR = YES;
				GCC_WARN_UNINITIALIZED_AUTOS = YES_AGGRESSIVE;
				GCC_WARN_UNUSED_FUNCTION = YES;
				GCC_WARN_UNUSED_VARIABLE = YES;
				IPHONEOS_DEPLOYMENT_TARGET = 17.5;
				LOCALIZATION_PREFERS_STRING_CATALOGS = YES;
				MTL_ENABLE_DEBUG_INFO = INCLUDE_SOURCE;
				MTL_FAST_MATH = YES;
				ONLY_ACTIVE_ARCH = YES;
				SDKROOT = iphoneos;
				SWIFT_ACTIVE_COMPILATION_CONDITIONS = "DEBUG $(inherited)";
				SWIFT_OPTIMIZATION_LEVEL = "-Onone";
			};
			name = Debug;
		};
		F4E35FE22C72098E002CA190 /* Release */ = {
			isa = XCBuildConfiguration;
			buildSettings = {
				ALWAYS_SEARCH_USER_PATHS = NO;
				ASSETCATALOG_COMPILER_GENERATE_SWIFT_ASSET_SYMBOL_EXTENSIONS = YES;
				CLANG_ANALYZER_NONNULL = YES;
				CLANG_ANALYZER_NUMBER_OBJECT_CONVERSION = YES_AGGRESSIVE;
				CLANG_CXX_LANGUAGE_STANDARD = "gnu++20";
				CLANG_ENABLE_MODULES = YES;
				CLANG_ENABLE_OBJC_ARC = YES;
				CLANG_ENABLE_OBJC_WEAK = YES;
				CLANG_WARN_BLOCK_CAPTURE_AUTORELEASING = YES;
				CLANG_WARN_BOOL_CONVERSION = YES;
				CLANG_WARN_COMMA = YES;
				CLANG_WARN_CONSTANT_CONVERSION = YES;
				CLANG_WARN_DEPRECATED_OBJC_IMPLEMENTATIONS = YES;
				CLANG_WARN_DIRECT_OBJC_ISA_USAGE = YES_ERROR;
				CLANG_WARN_DOCUMENTATION_COMMENTS = YES;
				CLANG_WARN_EMPTY_BODY = YES;
				CLANG_WARN_ENUM_CONVERSION = YES;
				CLANG_WARN_INFINITE_RECURSION = YES;
				CLANG_WARN_INT_CONVERSION = YES;
				CLANG_WARN_NON_LITERAL_NULL_CONVERSION = YES;
				CLANG_WARN_OBJC_IMPLICIT_RETAIN_SELF = YES;
				CLANG_WARN_OBJC_LITERAL_CONVERSION = YES;
				CLANG_WARN_OBJC_ROOT_CLASS = YES_ERROR;
				CLANG_WARN_QUOTED_INCLUDE_IN_FRAMEWORK_HEADER = YES;
				CLANG_WARN_RANGE_LOOP_ANALYSIS = YES;
				CLANG_WARN_STRICT_PROTOTYPES = YES;
				CLANG_WARN_SUSPICIOUS_MOVE = YES;
				CLANG_WARN_UNGUARDED_AVAILABILITY = YES_AGGRESSIVE;
				CLANG_WARN_UNREACHABLE_CODE = YES;
				CLANG_WARN__DUPLICATE_METHOD_MATCH = YES;
				COPY_PHASE_STRIP = NO;
				DEBUG_INFORMATION_FORMAT = "dwarf-with-dsym";
				ENABLE_NS_ASSERTIONS = NO;
				ENABLE_STRICT_OBJC_MSGSEND = YES;
				ENABLE_USER_SCRIPT_SANDBOXING = YES;
				GCC_C_LANGUAGE_STANDARD = gnu17;
				GCC_NO_COMMON_BLOCKS = YES;
				GCC_WARN_64_TO_32_BIT_CONVERSION = YES;
				GCC_WARN_ABOUT_RETURN_TYPE = YES_ERROR;
				GCC_WARN_UNDECLARED_SELECTOR = YES;
				GCC_WARN_UNINITIALIZED_AUTOS = YES_AGGRESSIVE;
				GCC_WARN_UNUSED_FUNCTION = YES;
				GCC_WARN_UNUSED_VARIABLE = YES;
				IPHONEOS_DEPLOYMENT_TARGET = 17.5;
				LOCALIZATION_PREFERS_STRING_CATALOGS = YES;
				MTL_ENABLE_DEBUG_INFO = NO;
				MTL_FAST_MATH = YES;
				SDKROOT = iphoneos;
				SWIFT_COMPILATION_MODE = wholemodule;
				VALIDATE_PRODUCT = YES;
			};
			name = Release;
		};
		F4E35FE42C72098E002CA190 /* Debug */ = {
			isa = XCBuildConfiguration;
			buildSettings = {
				ASSETCATALOG_COMPILER_APPICON_NAME = AppIcon;
				ASSETCATALOG_COMPILER_GLOBAL_ACCENT_COLOR_NAME = AccentColor;
				CODE_SIGN_STYLE = Automatic;
				CURRENT_PROJECT_VERSION = 1;
				DEVELOPMENT_TEAM = 5Z933926NX;
				GENERATE_INFOPLIST_FILE = YES;
				INFOPLIST_FILE = "coredata-dummy/Info.plist";
				INFOPLIST_KEY_UIApplicationSupportsIndirectInputEvents = YES;
				INFOPLIST_KEY_UILaunchStoryboardName = LaunchScreen;
				INFOPLIST_KEY_UIMainStoryboardFile = Main;
				INFOPLIST_KEY_UISupportedInterfaceOrientations_iPad = "UIInterfaceOrientationPortrait UIInterfaceOrientationPortraitUpsideDown UIInterfaceOrientationLandscapeLeft UIInterfaceOrientationLandscapeRight";
				INFOPLIST_KEY_UISupportedInterfaceOrientations_iPhone = "UIInterfaceOrientationPortrait UIInterfaceOrientationLandscapeLeft UIInterfaceOrientationLandscapeRight";
				LD_RUNPATH_SEARCH_PATHS = (
					"$(inherited)",
					"@executable_path/Frameworks",
				);
				MARKETING_VERSION = 1.0;
				PRODUCT_BUNDLE_IDENTIFIER = "com.JuHyung.coredata-dummy";
				PRODUCT_NAME = "$(TARGET_NAME)";
				SWIFT_EMIT_LOC_STRINGS = YES;
				SWIFT_VERSION = 5.0;
				TARGETED_DEVICE_FAMILY = "1,2";
			};
			name = Debug;
		};
		F4E35FE52C72098E002CA190 /* Release */ = {
			isa = XCBuildConfiguration;
			buildSettings = {
				ASSETCATALOG_COMPILER_APPICON_NAME = AppIcon;
				ASSETCATALOG_COMPILER_GLOBAL_ACCENT_COLOR_NAME = AccentColor;
				CODE_SIGN_STYLE = Automatic;
				CURRENT_PROJECT_VERSION = 1;
				DEVELOPMENT_TEAM = 5Z933926NX;
				GENERATE_INFOPLIST_FILE = YES;
				INFOPLIST_FILE = "coredata-dummy/Info.plist";
				INFOPLIST_KEY_UIApplicationSupportsIndirectInputEvents = YES;
				INFOPLIST_KEY_UILaunchStoryboardName = LaunchScreen;
				INFOPLIST_KEY_UIMainStoryboardFile = Main;
				INFOPLIST_KEY_UISupportedInterfaceOrientations_iPad = "UIInterfaceOrientationPortrait UIInterfaceOrientationPortraitUpsideDown UIInterfaceOrientationLandscapeLeft UIInterfaceOrientationLandscapeRight";
				INFOPLIST_KEY_UISupportedInterfaceOrientations_iPhone = "UIInterfaceOrientationPortrait UIInterfaceOrientationLandscapeLeft UIInterfaceOrientationLandscapeRight";
				LD_RUNPATH_SEARCH_PATHS = (
					"$(inherited)",
					"@executable_path/Frameworks",
				);
				MARKETING_VERSION = 1.0;
				PRODUCT_BUNDLE_IDENTIFIER = "com.JuHyung.coredata-dummy";
				PRODUCT_NAME = "$(TARGET_NAME)";
				SWIFT_EMIT_LOC_STRINGS = YES;
				SWIFT_VERSION = 5.0;
				TARGETED_DEVICE_FAMILY = "1,2";
			};
			name = Release;
		};
		F4E35FE72C72098E002CA190 /* Debug */ = {
			isa = XCBuildConfiguration;
			buildSettings = {
				ALWAYS_EMBED_SWIFT_STANDARD_LIBRARIES = YES;
				BUNDLE_LOADER = "$(TEST_HOST)";
				CODE_SIGN_STYLE = Automatic;
				CURRENT_PROJECT_VERSION = 1;
				DEVELOPMENT_TEAM = 5Z933926NX;
				GENERATE_INFOPLIST_FILE = YES;
				IPHONEOS_DEPLOYMENT_TARGET = 17.5;
				MARKETING_VERSION = 1.0;
				PRODUCT_BUNDLE_IDENTIFIER = "com.JuHyung.coredata-dummyTests";
				PRODUCT_NAME = "$(TARGET_NAME)";
				SWIFT_EMIT_LOC_STRINGS = NO;
				SWIFT_VERSION = 5.0;
				TARGETED_DEVICE_FAMILY = "1,2";
				TEST_HOST = "$(BUILT_PRODUCTS_DIR)/coredata-dummy.app/$(BUNDLE_EXECUTABLE_FOLDER_PATH)/coredata-dummy";
			};
			name = Debug;
		};
		F4E35FE82C72098E002CA190 /* Release */ = {
			isa = XCBuildConfiguration;
			buildSettings = {
				ALWAYS_EMBED_SWIFT_STANDARD_LIBRARIES = YES;
				BUNDLE_LOADER = "$(TEST_HOST)";
				CODE_SIGN_STYLE = Automatic;
				CURRENT_PROJECT_VERSION = 1;
				DEVELOPMENT_TEAM = 5Z933926NX;
				GENERATE_INFOPLIST_FILE = YES;
				IPHONEOS_DEPLOYMENT_TARGET = 17.5;
				MARKETING_VERSION = 1.0;
				PRODUCT_BUNDLE_IDENTIFIER = "com.JuHyung.coredata-dummyTests";
				PRODUCT_NAME = "$(TARGET_NAME)";
				SWIFT_EMIT_LOC_STRINGS = NO;
				SWIFT_VERSION = 5.0;
				TARGETED_DEVICE_FAMILY = "1,2";
				TEST_HOST = "$(BUILT_PRODUCTS_DIR)/coredata-dummy.app/$(BUNDLE_EXECUTABLE_FOLDER_PATH)/coredata-dummy";
			};
			name = Release;
		};
		F4E35FEA2C72098E002CA190 /* Debug */ = {
			isa = XCBuildConfiguration;
			buildSettings = {
				ALWAYS_EMBED_SWIFT_STANDARD_LIBRARIES = YES;
				CODE_SIGN_STYLE = Automatic;
				CURRENT_PROJECT_VERSION = 1;
				DEVELOPMENT_TEAM = 5Z933926NX;
				GENERATE_INFOPLIST_FILE = YES;
				MARKETING_VERSION = 1.0;
				PRODUCT_BUNDLE_IDENTIFIER = "com.JuHyung.coredata-dummyUITests";
				PRODUCT_NAME = "$(TARGET_NAME)";
				SWIFT_EMIT_LOC_STRINGS = NO;
				SWIFT_VERSION = 5.0;
				TARGETED_DEVICE_FAMILY = "1,2";
				TEST_TARGET_NAME = "coredata-dummy";
			};
			name = Debug;
		};
		F4E35FEB2C72098E002CA190 /* Release */ = {
			isa = XCBuildConfiguration;
			buildSettings = {
				ALWAYS_EMBED_SWIFT_STANDARD_LIBRARIES = YES;
				CODE_SIGN_STYLE = Automatic;
				CURRENT_PROJECT_VERSION = 1;
				DEVELOPMENT_TEAM = 5Z933926NX;
				GENERATE_INFOPLIST_FILE = YES;
				MARKETING_VERSION = 1.0;
				PRODUCT_BUNDLE_IDENTIFIER = "com.JuHyung.coredata-dummyUITests";
				PRODUCT_NAME = "$(TARGET_NAME)";
				SWIFT_EMIT_LOC_STRINGS = NO;
				SWIFT_VERSION = 5.0;
				TARGETED_DEVICE_FAMILY = "1,2";
				TEST_TARGET_NAME = "coredata-dummy";
			};
			name = Release;
		};
/* End XCBuildConfiguration section */

/* Begin XCConfigurationList section */
		F4E35FB12C72098A002CA190 /* Build configuration list for PBXProject "coredata-dummy" */ = {
			isa = XCConfigurationList;
			buildConfigurations = (
				F4E35FE12C72098E002CA190 /* Debug */,
				F4E35FE22C72098E002CA190 /* Release */,
			);
			defaultConfigurationIsVisible = 0;
			defaultConfigurationName = Release;
		};
		F4E35FE32C72098E002CA190 /* Build configuration list for PBXNativeTarget "coredata-dummy" */ = {
			isa = XCConfigurationList;
			buildConfigurations = (
				F4E35FE42C72098E002CA190 /* Debug */,
				F4E35FE52C72098E002CA190 /* Release */,
			);
			defaultConfigurationIsVisible = 0;
			defaultConfigurationName = Release;
		};
		F4E35FE62C72098E002CA190 /* Build configuration list for PBXNativeTarget "coredata-dummyTests" */ = {
			isa = XCConfigurationList;
			buildConfigurations = (
				F4E35FE72C72098E002CA190 /* Debug */,
				F4E35FE82C72098E002CA190 /* Release */,
			);
			defaultConfigurationIsVisible = 0;
			defaultConfigurationName = Release;
		};
		F4E35FE92C72098E002CA190 /* Build configuration list for PBXNativeTarget "coredata-dummyUITests" */ = {
			isa = XCConfigurationList;
			buildConfigurations = (
				F4E35FEA2C72098E002CA190 /* Debug */,
				F4E35FEB2C72098E002CA190 /* Release */,
			);
			defaultConfigurationIsVisible = 0;
			defaultConfigurationName = Release;
		};
/* End XCConfigurationList section */

/* Begin XCVersionGroup section */
		F4E35FC22C72098B002CA190 /* coredata_dummy.xcdatamodeld */ = {
			isa = XCVersionGroup;
			children = (
				F4E35FC32C72098B002CA190 /* coredata_dummy.xcdatamodel */,
			);
			currentVersion = F4E35FC32C72098B002CA190 /* coredata_dummy.xcdatamodel */;
			path = coredata_dummy.xcdatamodeld;
			sourceTree = "<group>";
			versionGroupType = wrapper.xcdatamodel;
		};
/* End XCVersionGroup section */
	};
	rootObject = F4E35FAE2C72098A002CA190 /* Project object */;
}
