// !$*UTF8*$!
{
	archiveVersion = 1;
	classes = {
	};
	objectVersion = 56;
	objects = {

/* Begin PBXBuildFile section */
		F475CE882C1B0F17003C8C09 /* AppDelegate.swift in Sources */ = {isa = PBXBuildFile; fileRef = F475CE872C1B0F17003C8C09 /* AppDelegate.swift */; };
		F475CE8A2C1B0F17003C8C09 /* SceneDelegate.swift in Sources */ = {isa = PBXBuildFile; fileRef = F475CE892C1B0F17003C8C09 /* SceneDelegate.swift */; };
		F475CE8C2C1B0F17003C8C09 /* MenuViewController.swift in Sources */ = {isa = PBXBuildFile; fileRef = F475CE8B2C1B0F17003C8C09 /* MenuViewController.swift */; };
		F475CE8F2C1B0F17003C8C09 /* Base in Resources */ = {isa = PBXBuildFile; fileRef = F475CE8E2C1B0F17003C8C09 /* Base */; };
		F475CE912C1B0F19003C8C09 /* Assets.xcassets in Resources */ = {isa = PBXBuildFile; fileRef = F475CE902C1B0F19003C8C09 /* Assets.xcassets */; };
		F475CE942C1B0F19003C8C09 /* Base in Resources */ = {isa = PBXBuildFile; fileRef = F475CE932C1B0F19003C8C09 /* Base */; };
		F478CCAA2C25725E0090D0F6 /* ManageCashViewController.swift in Sources */ = {isa = PBXBuildFile; fileRef = F478CCA92C25725E0090D0F6 /* ManageCashViewController.swift */; };
		F4DB4ACC2C27FAE5007493F0 /* MyPageViewController.swift in Sources */ = {isa = PBXBuildFile; fileRef = F4DB4ACB2C27FAE5007493F0 /* MyPageViewController.swift */; };
/* End PBXBuildFile section */

/* Begin PBXFileReference section */
		F475CE842C1B0F17003C8C09 /* GDWebDesgin1.app */ = {isa = PBXFileReference; explicitFileType = wrapper.application; includeInIndex = 0; path = GDWebDesgin1.app; sourceTree = BUILT_PRODUCTS_DIR; };
		F475CE872C1B0F17003C8C09 /* AppDelegate.swift */ = {isa = PBXFileReference; lastKnownFileType = sourcecode.swift; path = AppDelegate.swift; sourceTree = "<group>"; };
		F475CE892C1B0F17003C8C09 /* SceneDelegate.swift */ = {isa = PBXFileReference; lastKnownFileType = sourcecode.swift; path = SceneDelegate.swift; sourceTree = "<group>"; };
		F475CE8B2C1B0F17003C8C09 /* MenuViewController.swift */ = {isa = PBXFileReference; lastKnownFileType = sourcecode.swift; path = MenuViewController.swift; sourceTree = "<group>"; };
		F475CE8E2C1B0F17003C8C09 /* Base */ = {isa = PBXFileReference; lastKnownFileType = file.storyboard; name = Base; path = Base.lproj/Main.storyboard; sourceTree = "<group>"; };
		F475CE902C1B0F19003C8C09 /* Assets.xcassets */ = {isa = PBXFileReference; lastKnownFileType = folder.assetcatalog; path = Assets.xcassets; sourceTree = "<group>"; };
		F475CE932C1B0F19003C8C09 /* Base */ = {isa = PBXFileReference; lastKnownFileType = file.storyboard; name = Base; path = Base.lproj/LaunchScreen.storyboard; sourceTree = "<group>"; };
		F475CE952C1B0F19003C8C09 /* Info.plist */ = {isa = PBXFileReference; lastKnownFileType = text.plist.xml; path = Info.plist; sourceTree = "<group>"; };
		F478CCA92C25725E0090D0F6 /* ManageCashViewController.swift */ = {isa = PBXFileReference; lastKnownFileType = sourcecode.swift; path = ManageCashViewController.swift; sourceTree = "<group>"; };
		F4DB4ACB2C27FAE5007493F0 /* MyPageViewController.swift */ = {isa = PBXFileReference; lastKnownFileType = sourcecode.swift; path = MyPageViewController.swift; sourceTree = "<group>"; };
/* End PBXFileReference section */

/* Begin PBXFrameworksBuildPhase section */
		F475CE812C1B0F17003C8C09 /* Frameworks */ = {
			isa = PBXFrameworksBuildPhase;
			buildActionMask = 2147483647;
			files = (
			);
			runOnlyForDeploymentPostprocessing = 0;
		};
/* End PBXFrameworksBuildPhase section */

/* Begin PBXGroup section */
		F475CE7B2C1B0F17003C8C09 = {
			isa = PBXGroup;
			children = (
				F475CE862C1B0F17003C8C09 /* GDWebDesgin1 */,
				F475CE852C1B0F17003C8C09 /* Products */,
			);
			sourceTree = "<group>";
		};
		F475CE852C1B0F17003C8C09 /* Products */ = {
			isa = PBXGroup;
			children = (
				F475CE842C1B0F17003C8C09 /* GDWebDesgin1.app */,
			);
			name = Products;
			sourceTree = "<group>";
		};
		F475CE862C1B0F17003C8C09 /* GDWebDesgin1 */ = {
			isa = PBXGroup;
			children = (
				F475CE872C1B0F17003C8C09 /* AppDelegate.swift */,
				F475CE892C1B0F17003C8C09 /* SceneDelegate.swift */,
				F475CE8B2C1B0F17003C8C09 /* MenuViewController.swift */,
				F4DB4ACB2C27FAE5007493F0 /* MyPageViewController.swift */,
				F475CE8D2C1B0F17003C8C09 /* Main.storyboard */,
				F478CCA92C25725E0090D0F6 /* ManageCashViewController.swift */,
				F475CE902C1B0F19003C8C09 /* Assets.xcassets */,
				F475CE922C1B0F19003C8C09 /* LaunchScreen.storyboard */,
				F475CE952C1B0F19003C8C09 /* Info.plist */,
			);
			path = GDWebDesgin1;
			sourceTree = "<group>";
		};
/* End PBXGroup section */

/* Begin PBXNativeTarget section */
		F475CE832C1B0F17003C8C09 /* GDWebDesgin1 */ = {
			isa = PBXNativeTarget;
			buildConfigurationList = F475CE982C1B0F19003C8C09 /* Build configuration list for PBXNativeTarget "GDWebDesgin1" */;
			buildPhases = (
				F475CE802C1B0F17003C8C09 /* Sources */,
				F475CE812C1B0F17003C8C09 /* Frameworks */,
				F475CE822C1B0F17003C8C09 /* Resources */,
			);
			buildRules = (
			);
			dependencies = (
			);
			name = GDWebDesgin1;
			productName = GDWebDesgin1;
			productReference = F475CE842C1B0F17003C8C09 /* GDWebDesgin1.app */;
			productType = "com.apple.product-type.application";
		};
/* End PBXNativeTarget section */

/* Begin PBXProject section */
		F475CE7C2C1B0F17003C8C09 /* Project object */ = {
			isa = PBXProject;
			attributes = {
				BuildIndependentTargetsInParallel = 1;
				LastSwiftUpdateCheck = 1540;
				LastUpgradeCheck = 1540;
				TargetAttributes = {
					F475CE832C1B0F17003C8C09 = {
						CreatedOnToolsVersion = 15.4;
					};
				};
			};
			buildConfigurationList = F475CE7F2C1B0F17003C8C09 /* Build configuration list for PBXProject "GDWebDesgin1" */;
			compatibilityVersion = "Xcode 14.0";
			developmentRegion = en;
			hasScannedForEncodings = 0;
			knownRegions = (
				en,
				Base,
			);
			mainGroup = F475CE7B2C1B0F17003C8C09;
			productRefGroup = F475CE852C1B0F17003C8C09 /* Products */;
			projectDirPath = "";
			projectRoot = "";
			targets = (
				F475CE832C1B0F17003C8C09 /* GDWebDesgin1 */,
			);
		};
/* End PBXProject section */

/* Begin PBXResourcesBuildPhase section */
		F475CE822C1B0F17003C8C09 /* Resources */ = {
			isa = PBXResourcesBuildPhase;
			buildActionMask = 2147483647;
			files = (
				F475CE912C1B0F19003C8C09 /* Assets.xcassets in Resources */,
				F475CE942C1B0F19003C8C09 /* Base in Resources */,
				F475CE8F2C1B0F17003C8C09 /* Base in Resources */,
			);
			runOnlyForDeploymentPostprocessing = 0;
		};
/* End PBXResourcesBuildPhase section */

/* Begin PBXSourcesBuildPhase section */
		F475CE802C1B0F17003C8C09 /* Sources */ = {
			isa = PBXSourcesBuildPhase;
			buildActionMask = 2147483647;
			files = (
				F478CCAA2C25725E0090D0F6 /* ManageCashViewController.swift in Sources */,
				F4DB4ACC2C27FAE5007493F0 /* MyPageViewController.swift in Sources */,
				F475CE8C2C1B0F17003C8C09 /* MenuViewController.swift in Sources */,
				F475CE882C1B0F17003C8C09 /* AppDelegate.swift in Sources */,
				F475CE8A2C1B0F17003C8C09 /* SceneDelegate.swift in Sources */,
			);
			runOnlyForDeploymentPostprocessing = 0;
		};
/* End PBXSourcesBuildPhase section */

/* Begin PBXVariantGroup section */
		F475CE8D2C1B0F17003C8C09 /* Main.storyboard */ = {
			isa = PBXVariantGroup;
			children = (
				F475CE8E2C1B0F17003C8C09 /* Base */,
			);
			name = Main.storyboard;
			sourceTree = "<group>";
		};
		F475CE922C1B0F19003C8C09 /* LaunchScreen.storyboard */ = {
			isa = PBXVariantGroup;
			children = (
				F475CE932C1B0F19003C8C09 /* Base */,
			);
			name = LaunchScreen.storyboard;
			sourceTree = "<group>";
		};
/* End PBXVariantGroup section */

/* Begin XCBuildConfiguration section */
		F475CE962C1B0F19003C8C09 /* Debug */ = {
			isa = XCBuildConfiguration;
			buildSettings = {
				ALWAYS_SEARCH_USER_PATHS = NO;
				ASSETCATALOG_COMPILER_GENERATE_SWIFT_ASSET_SYMBOL_EXTENSIONS = YES;
				CLANG_ANALYZER_NONNULL = YES;
				CLANG_ANALYZER_NUMBER_OBJECT_CONVERSION = YES_AGGRESSIVE;
				CLANG_CXX_LANGUAGE_STANDARD = "gnu++20";
				CLANG_ENABLE_MODULES = YES;
				CLANG_ENABLE_OBJC_ARC = YES;
				CLANG_ENABLE_OBJC_WEAK = YES;
				CLANG_WARN_BLOCK_CAPTURE_AUTORELEASING = YES;
				CLANG_WARN_BOOL_CONVERSION = YES;
				CLANG_WARN_COMMA = YES;
				CLANG_WARN_CONSTANT_CONVERSION = YES;
				CLANG_WARN_DEPRECATED_OBJC_IMPLEMENTATIONS = YES;
				CLANG_WARN_DIRECT_OBJC_ISA_USAGE = YES_ERROR;
				CLANG_WARN_DOCUMENTATION_COMMENTS = YES;
				CLANG_WARN_EMPTY_BODY = YES;
				CLANG_WARN_ENUM_CONVERSION = YES;
				CLANG_WARN_INFINITE_RECURSION = YES;
				CLANG_WARN_INT_CONVERSION = YES;
				CLANG_WARN_NON_LITERAL_NULL_CONVERSION = YES;
				CLANG_WARN_OBJC_IMPLICIT_RETAIN_SELF = YES;
				CLANG_WARN_OBJC_LITERAL_CONVERSION = YES;
				CLANG_WARN_OBJC_ROOT_CLASS = YES_ERROR;
				CLANG_WARN_QUOTED_INCLUDE_IN_FRAMEWORK_HEADER = YES;
				CLANG_WARN_RANGE_LOOP_ANALYSIS = YES;
				CLANG_WARN_STRICT_PROTOTYPES = YES;
				CLANG_WARN_SUSPICIOUS_MOVE = YES;
				CLANG_WARN_UNGUARDED_AVAILABILITY = YES_AGGRESSIVE;
				CLANG_WARN_UNREACHABLE_CODE = YES;
				CLANG_WARN__DUPLICATE_METHOD_MATCH = YES;
				COPY_PHASE_STRIP = NO;
				DEBUG_INFORMATION_FORMAT = dwarf;
				ENABLE_STRICT_OBJC_MSGSEND = YES;
				ENABLE_TESTABILITY = YES;
				ENABLE_USER_SCRIPT_SANDBOXING = YES;
				GCC_C_LANGUAGE_STANDARD = gnu17;
				GCC_DYNAMIC_NO_PIC = NO;
				GCC_NO_COMMON_BLOCKS = YES;
				GCC_OPTIMIZATION_LEVEL = 0;
				GCC_PREPROCESSOR_DEFINITIONS = (
					"DEBUG=1",
					"$(inherited)",
				);
				GCC_WARN_64_TO_32_BIT_CONVERSION = YES;
				GCC_WARN_ABOUT_RETURN_TYPE = YES_ERROR;
				GCC_WARN_UNDECLARED_SELECTOR = YES;
				GCC_WARN_UNINITIALIZED_AUTOS = YES_AGGRESSIVE;
				GCC_WARN_UNUSED_FUNCTION = YES;
				GCC_WARN_UNUSED_VARIABLE = YES;
				IPHONEOS_DEPLOYMENT_TARGET = 17.5;
				LOCALIZATION_PREFERS_STRING_CATALOGS = YES;
				MTL_ENABLE_DEBUG_INFO = INCLUDE_SOURCE;
				MTL_FAST_MATH = YES;
				ONLY_ACTIVE_ARCH = YES;
				SDKROOT = iphoneos;
				SWIFT_ACTIVE_COMPILATION_CONDITIONS = "DEBUG $(inherited)";
				SWIFT_OPTIMIZATION_LEVEL = "-Onone";
			};
			name = Debug;
		};
		F475CE972C1B0F19003C8C09 /* Release */ = {
			isa = XCBuildConfiguration;
			buildSettings = {
				ALWAYS_SEARCH_USER_PATHS = NO;
				ASSETCATALOG_COMPILER_GENERATE_SWIFT_ASSET_SYMBOL_EXTENSIONS = YES;
				CLANG_ANALYZER_NONNULL = YES;
				CLANG_ANALYZER_NUMBER_OBJECT_CONVERSION = YES_AGGRESSIVE;
				CLANG_CXX_LANGUAGE_STANDARD = "gnu++20";
				CLANG_ENABLE_MODULES = YES;
				CLANG_ENABLE_OBJC_ARC = YES;
				CLANG_ENABLE_OBJC_WEAK = YES;
				CLANG_WARN_BLOCK_CAPTURE_AUTORELEASING = YES;
				CLANG_WARN_BOOL_CONVERSION = YES;
				CLANG_WARN_COMMA = YES;
				CLANG_WARN_CONSTANT_CONVERSION = YES;
				CLANG_WARN_DEPRECATED_OBJC_IMPLEMENTATIONS = YES;
				CLANG_WARN_DIRECT_OBJC_ISA_USAGE = YES_ERROR;
				CLANG_WARN_DOCUMENTATION_COMMENTS = YES;
				CLANG_WARN_EMPTY_BODY = YES;
				CLANG_WARN_ENUM_CONVERSION = YES;
				CLANG_WARN_INFINITE_RECURSION = YES;
				CLANG_WARN_INT_CONVERSION = YES;
				CLANG_WARN_NON_LITERAL_NULL_CONVERSION = YES;
				CLANG_WARN_OBJC_IMPLICIT_RETAIN_SELF = YES;
				CLANG_WARN_OBJC_LITERAL_CONVERSION = YES;
				CLANG_WARN_OBJC_ROOT_CLASS = YES_ERROR;
				CLANG_WARN_QUOTED_INCLUDE_IN_FRAMEWORK_HEADER = YES;
				CLANG_WARN_RANGE_LOOP_ANALYSIS = YES;
				CLANG_WARN_STRICT_PROTOTYPES = YES;
				CLANG_WARN_SUSPICIOUS_MOVE = YES;
				CLANG_WARN_UNGUARDED_AVAILABILITY = YES_AGGRESSIVE;
				CLANG_WARN_UNREACHABLE_CODE = YES;
				CLANG_WARN__DUPLICATE_METHOD_MATCH = YES;
				COPY_PHASE_STRIP = NO;
				DEBUG_INFORMATION_FORMAT = "dwarf-with-dsym";
				ENABLE_NS_ASSERTIONS = NO;
				ENABLE_STRICT_OBJC_MSGSEND = YES;
				ENABLE_USER_SCRIPT_SANDBOXING = YES;
				GCC_C_LANGUAGE_STANDARD = gnu17;
				GCC_NO_COMMON_BLOCKS = YES;
				GCC_WARN_64_TO_32_BIT_CONVERSION = YES;
				GCC_WARN_ABOUT_RETURN_TYPE = YES_ERROR;
				GCC_WARN_UNDECLARED_SELECTOR = YES;
				GCC_WARN_UNINITIALIZED_AUTOS = YES_AGGRESSIVE;
				GCC_WARN_UNUSED_FUNCTION = YES;
				GCC_WARN_UNUSED_VARIABLE = YES;
				IPHONEOS_DEPLOYMENT_TARGET = 17.5;
				LOCALIZATION_PREFERS_STRING_CATALOGS = YES;
				MTL_ENABLE_DEBUG_INFO = NO;
				MTL_FAST_MATH = YES;
				SDKROOT = iphoneos;
				SWIFT_COMPILATION_MODE = wholemodule;
				VALIDATE_PRODUCT = YES;
			};
			name = Release;
		};
		F475CE992C1B0F19003C8C09 /* Debug */ = {
			isa = XCBuildConfiguration;
			buildSettings = {
				ASSETCATALOG_COMPILER_APPICON_NAME = AppIcon;
				ASSETCATALOG_COMPILER_GLOBAL_ACCENT_COLOR_NAME = AccentColor;
				CODE_SIGN_STYLE = Automatic;
				CURRENT_PROJECT_VERSION = 1;
				DEVELOPMENT_TEAM = 5Z933926NX;
				GENERATE_INFOPLIST_FILE = YES;
				INFOPLIST_FILE = GDWebDesgin1/Info.plist;
				INFOPLIST_KEY_UIApplicationSupportsIndirectInputEvents = YES;
				INFOPLIST_KEY_UILaunchStoryboardName = LaunchScreen;
				INFOPLIST_KEY_UIMainStoryboardFile = Main;
				INFOPLIST_KEY_UISupportedInterfaceOrientations_iPad = "UIInterfaceOrientationPortrait UIInterfaceOrientationPortraitUpsideDown UIInterfaceOrientationLandscapeLeft UIInterfaceOrientationLandscapeRight";
				INFOPLIST_KEY_UISupportedInterfaceOrientations_iPhone = "UIInterfaceOrientationPortrait UIInterfaceOrientationLandscapeLeft UIInterfaceOrientationLandscapeRight";
				LD_RUNPATH_SEARCH_PATHS = (
					"$(inherited)",
					"@executable_path/Frameworks",
				);
				MARKETING_VERSION = 1.0;
				PRODUCT_BUNDLE_IDENTIFIER = com.JuHyung.GDWebDesgin1;
				PRODUCT_NAME = "$(TARGET_NAME)";
				SWIFT_EMIT_LOC_STRINGS = YES;
				SWIFT_VERSION = 5.0;
				TARGETED_DEVICE_FAMILY = "1,2";
			};
			name = Debug;
		};
		F475CE9A2C1B0F19003C8C09 /* Release */ = {
			isa = XCBuildConfiguration;
			buildSettings = {
				ASSETCATALOG_COMPILER_APPICON_NAME = AppIcon;
				ASSETCATALOG_COMPILER_GLOBAL_ACCENT_COLOR_NAME = AccentColor;
				CODE_SIGN_STYLE = Automatic;
				CURRENT_PROJECT_VERSION = 1;
				DEVELOPMENT_TEAM = 5Z933926NX;
				GENERATE_INFOPLIST_FILE = YES;
				INFOPLIST_FILE = GDWebDesgin1/Info.plist;
				INFOPLIST_KEY_UIApplicationSupportsIndirectInputEvents = YES;
				INFOPLIST_KEY_UILaunchStoryboardName = LaunchScreen;
				INFOPLIST_KEY_UIMainStoryboardFile = Main;
				INFOPLIST_KEY_UISupportedInterfaceOrientations_iPad = "UIInterfaceOrientationPortrait UIInterfaceOrientationPortraitUpsideDown UIInterfaceOrientationLandscapeLeft UIInterfaceOrientationLandscapeRight";
				INFOPLIST_KEY_UISupportedInterfaceOrientations_iPhone = "UIInterfaceOrientationPortrait UIInterfaceOrientationLandscapeLeft UIInterfaceOrientationLandscapeRight";
				LD_RUNPATH_SEARCH_PATHS = (
					"$(inherited)",
					"@executable_path/Frameworks",
				);
				MARKETING_VERSION = 1.0;
				PRODUCT_BUNDLE_IDENTIFIER = com.JuHyung.GDWebDesgin1;
				PRODUCT_NAME = "$(TARGET_NAME)";
				SWIFT_EMIT_LOC_STRINGS = YES;
				SWIFT_VERSION = 5.0;
				TARGETED_DEVICE_FAMILY = "1,2";
			};
			name = Release;
		};
/* End XCBuildConfiguration section */

/* Begin XCConfigurationList section */
		F475CE7F2C1B0F17003C8C09 /* Build configuration list for PBXProject "GDWebDesgin1" */ = {
			isa = XCConfigurationList;
			buildConfigurations = (
				F475CE962C1B0F19003C8C09 /* Debug */,
				F475CE972C1B0F19003C8C09 /* Release */,
			);
			defaultConfigurationIsVisible = 0;
			defaultConfigurationName = Release;
		};
		F475CE982C1B0F19003C8C09 /* Build configuration list for PBXNativeTarget "GDWebDesgin1" */ = {
			isa = XCConfigurationList;
			buildConfigurations = (
				F475CE992C1B0F19003C8C09 /* Debug */,
				F475CE9A2C1B0F19003C8C09 /* Release */,
			);
			defaultConfigurationIsVisible = 0;
			defaultConfigurationName = Release;
		};
/* End XCConfigurationList section */
	};
	rootObject = F475CE7C2C1B0F17003C8C09 /* Project object */;
}
